
Microsoft Visual Studio Solution File, Format Version 12.00
# Visual Studio Version 16
VisualStudioVersion = 16.0.29728.190
MinimumVisualStudioVersion = 10.0.40219.1
Project("{FAE04EC0-301F-11D3-BF4B-00C04F79EFBC}") = "DAL", "DAL\DAL.csproj", "{B54F5696-7870-4D82-A10B-D3F6CF34D673}"
EndProject
Global
	GlobalSection(SolutionConfigurationPlatforms) = preSolution
		Debug|Any CPU = Debug|Any CPU
		Release|Any CPU = Release|Any CPU
	EndGlobalSection
	GlobalSection(ProjectConfigurationPlatforms) = postSolution
		{B54F5696-7870-4D82-A10B-D3F6CF34D673}.Debug|Any CPU.ActiveCfg = Debug|Any CPU
		{B54F5696-7870-4D82-A10B-D3F6CF34D673}.Debug|Any CPU.Build.0 = Debug|Any CPU
		{B54F5696-7870-4D82-A10B-D3F6CF34D673}.Release|Any CPU.ActiveCfg = Release|Any CPU
		{B54F5696-7870-4D82-A10B-D3F6CF34D673}.Release|Any CPU.Build.0 = Release|Any CPU
	EndGlobalSection
	GlobalSection(SolutionProperties) = preSolution
		HideSolutionNode = FALSE
	EndGlobalSection
	GlobalSection(ExtensibilityGlobals) = postSolution
		SolutionGuid = {129F5E91-EC07-4AAD-8536-AC712A10F212}
	EndGlobalSection
EndGlobal
